// !$*UTF8*$!
{
	archiveVersion = 1;
	classes = {
	};
	objectVersion = 56;
	objects = {

/* Begin PBXBuildFile section */
		04555DF329A7B16800C84186 /* Coordinator.swift in Sources */ = {isa = PBXBuildFile; fileRef = 04555DF229A7B16800C84186 /* Coordinator.swift */; };
		04555DF629A7B3F300C84186 /* MainCoordinator.swift in Sources */ = {isa = PBXBuildFile; fileRef = 04555DF529A7B3F300C84186 /* MainCoordinator.swift */; };
		0459571729A6DED700A3A518 /* AppDelegate.swift in Sources */ = {isa = PBXBuildFile; fileRef = 0459571629A6DED700A3A518 /* AppDelegate.swift */; };
		0459571929A6DED700A3A518 /* SceneDelegate.swift in Sources */ = {isa = PBXBuildFile; fileRef = 0459571829A6DED700A3A518 /* SceneDelegate.swift */; };
		0459571B29A6DED700A3A518 /* HomeViewController.swift in Sources */ = {isa = PBXBuildFile; fileRef = 0459571A29A6DED700A3A518 /* HomeViewController.swift */; };
		0459571E29A6DED700A3A518 /* Main.storyboard in Resources */ = {isa = PBXBuildFile; fileRef = 0459571C29A6DED700A3A518 /* Main.storyboard */; };
		0459572029A6DEDA00A3A518 /* Assets.xcassets in Resources */ = {isa = PBXBuildFile; fileRef = 0459571F29A6DEDA00A3A518 /* Assets.xcassets */; };
		0459572329A6DEDA00A3A518 /* LaunchScreen.storyboard in Resources */ = {isa = PBXBuildFile; fileRef = 0459572129A6DEDA00A3A518 /* LaunchScreen.storyboard */; };
		046329B029AAA83A004ACB5C /* CakeViewController.swift in Sources */ = {isa = PBXBuildFile; fileRef = 046329AF29AAA83A004ACB5C /* CakeViewController.swift */; };
		046329B329AAA852004ACB5C /* PaperViewController.swift in Sources */ = {isa = PBXBuildFile; fileRef = 046329B229AAA852004ACB5C /* PaperViewController.swift */; };
		046329B529AAABB5004ACB5C /* Storyboarded.swift in Sources */ = {isa = PBXBuildFile; fileRef = 046329B429AAABB5004ACB5C /* Storyboarded.swift */; };
/* End PBXBuildFile section */

/* Begin PBXFileReference section */
		04555DF229A7B16800C84186 /* Coordinator.swift */ = {isa = PBXFileReference; lastKnownFileType = sourcecode.swift; path = Coordinator.swift; sourceTree = "<group>"; };
		04555DF529A7B3F300C84186 /* MainCoordinator.swift */ = {isa = PBXFileReference; lastKnownFileType = sourcecode.swift; path = MainCoordinator.swift; sourceTree = "<group>"; };
		0459571329A6DED700A3A518 /* Coordinator Pattern.app */ = {isa = PBXFileReference; explicitFileType = wrapper.application; includeInIndex = 0; path = "Coordinator Pattern.app"; sourceTree = BUILT_PRODUCTS_DIR; };
		0459571629A6DED700A3A518 /* AppDelegate.swift */ = {isa = PBXFileReference; lastKnownFileType = sourcecode.swift; path = AppDelegate.swift; sourceTree = "<group>"; };
		0459571829A6DED700A3A518 /* SceneDelegate.swift */ = {isa = PBXFileReference; lastKnownFileType = sourcecode.swift; path = SceneDelegate.swift; sourceTree = "<group>"; };
		0459571A29A6DED700A3A518 /* HomeViewController.swift */ = {isa = PBXFileReference; lastKnownFileType = sourcecode.swift; path = HomeViewController.swift; sourceTree = "<group>"; };
		0459571D29A6DED700A3A518 /* Base */ = {isa = PBXFileReference; lastKnownFileType = file.storyboard; name = Base; path = Base.lproj/Main.storyboard; sourceTree = "<group>"; };
		0459571F29A6DEDA00A3A518 /* Assets.xcassets */ = {isa = PBXFileReference; lastKnownFileType = folder.assetcatalog; path = Assets.xcassets; sourceTree = "<group>"; };
		0459572229A6DEDA00A3A518 /* Base */ = {isa = PBXFileReference; lastKnownFileType = file.storyboard; name = Base; path = Base.lproj/LaunchScreen.storyboard; sourceTree = "<group>"; };
		0459572429A6DEDA00A3A518 /* Info.plist */ = {isa = PBXFileReference; lastKnownFileType = text.plist.xml; path = Info.plist; sourceTree = "<group>"; };
		046329AF29AAA83A004ACB5C /* CakeViewController.swift */ = {isa = PBXFileReference; lastKnownFileType = sourcecode.swift; path = CakeViewController.swift; sourceTree = "<group>"; };
		046329B229AAA852004ACB5C /* PaperViewController.swift */ = {isa = PBXFileReference; lastKnownFileType = sourcecode.swift; path = PaperViewController.swift; sourceTree = "<group>"; };
		046329B429AAABB5004ACB5C /* Storyboarded.swift */ = {isa = PBXFileReference; lastKnownFileType = sourcecode.swift; path = Storyboarded.swift; sourceTree = "<group>"; };
/* End PBXFileReference section */

/* Begin PBXFrameworksBuildPhase section */
		0459571029A6DED700A3A518 /* Frameworks */ = {
			isa = PBXFrameworksBuildPhase;
			buildActionMask = 2147483647;
			files = (
			);
			runOnlyForDeploymentPostprocessing = 0;
		};
/* End PBXFrameworksBuildPhase section */

/* Begin PBXGroup section */
		04555DEE29A7AF5D00C84186 /* Feature */ = {
			isa = PBXGroup;
			children = (
				0459571C29A6DED700A3A518 /* Main.storyboard */,
				04555DF429A7B29000C84186 /* Home */,
				046329AE29AAA7E1004ACB5C /* Cake */,
				046329B129AAA847004ACB5C /* Paper */,
			);
			path = Feature;
			sourceTree = "<group>";
		};
		04555DEF29A7AF7000C84186 /* Apple Files */ = {
			isa = PBXGroup;
			children = (
				0459571629A6DED700A3A518 /* AppDelegate.swift */,
				0459571829A6DED700A3A518 /* SceneDelegate.swift */,
				0459572129A6DEDA00A3A518 /* LaunchScreen.storyboard */,
			);
			path = "Apple Files";
			sourceTree = "<group>";
		};
		04555DF029A7AFE700C84186 /* Resources */ = {
			isa = PBXGroup;
			children = (
				0459571F29A6DEDA00A3A518 /* Assets.xcassets */,
			);
			path = Resources;
			sourceTree = "<group>";
		};
		04555DF129A7B10200C84186 /* Protocol */ = {
			isa = PBXGroup;
			children = (
				04555DF229A7B16800C84186 /* Coordinator.swift */,
				046329B429AAABB5004ACB5C /* Storyboarded.swift */,
			);
			path = Protocol;
			sourceTree = "<group>";
		};
		04555DF429A7B29000C84186 /* Home */ = {
			isa = PBXGroup;
			children = (
				0459571A29A6DED700A3A518 /* HomeViewController.swift */,
			);
			path = Home;
			sourceTree = "<group>";
		};
		0459570A29A6DED700A3A518 = {
			isa = PBXGroup;
			children = (
				0459571529A6DED700A3A518 /* Coordinator Pattern */,
				0459571429A6DED700A3A518 /* Products */,
			);
			sourceTree = "<group>";
		};
		0459571429A6DED700A3A518 /* Products */ = {
			isa = PBXGroup;
			children = (
				0459571329A6DED700A3A518 /* Coordinator Pattern.app */,
			);
			name = Products;
			sourceTree = "<group>";
		};
		0459571529A6DED700A3A518 /* Coordinator Pattern */ = {
			isa = PBXGroup;
			children = (
				04555DEF29A7AF7000C84186 /* Apple Files */,
				046329AD29AAA4E9004ACB5C /* Coordinator */,
				04555DF129A7B10200C84186 /* Protocol */,
				04555DF029A7AFE700C84186 /* Resources */,
				04555DEE29A7AF5D00C84186 /* Feature */,
				0459572429A6DEDA00A3A518 /* Info.plist */,
			);
			path = "Coordinator Pattern";
			sourceTree = "<group>";
		};
		046329AD29AAA4E9004ACB5C /* Coordinator */ = {
			isa = PBXGroup;
			children = (
				04555DF529A7B3F300C84186 /* MainCoordinator.swift */,
			);
			path = Coordinator;
			sourceTree = "<group>";
		};
		046329AE29AAA7E1004ACB5C /* Cake */ = {
			isa = PBXGroup;
			children = (
				046329AF29AAA83A004ACB5C /* CakeViewController.swift */,
			);
			path = Cake;
			sourceTree = "<group>";
		};
		046329B129AAA847004ACB5C /* Paper */ = {
			isa = PBXGroup;
			children = (
				046329B229AAA852004ACB5C /* PaperViewController.swift */,
			);
			path = Paper;
			sourceTree = "<group>";
		};
/* End PBXGroup section */

/* Begin PBXNativeTarget section */
		0459571229A6DED700A3A518 /* Coordinator Pattern */ = {
			isa = PBXNativeTarget;
			buildConfigurationList = 0459572729A6DEDA00A3A518 /* Build configuration list for PBXNativeTarget "Coordinator Pattern" */;
			buildPhases = (
				0459570F29A6DED700A3A518 /* Sources */,
				0459571029A6DED700A3A518 /* Frameworks */,
				0459571129A6DED700A3A518 /* Resources */,
			);
			buildRules = (
			);
			dependencies = (
			);
			name = "Coordinator Pattern";
			productName = "Coordinator Pattern";
			productReference = 0459571329A6DED700A3A518 /* Coordinator Pattern.app */;
			productType = "com.apple.product-type.application";
		};
/* End PBXNativeTarget section */

/* Begin PBXProject section */
		0459570B29A6DED700A3A518 /* Project object */ = {
			isa = PBXProject;
			attributes = {
				BuildIndependentTargetsInParallel = 1;
				LastSwiftUpdateCheck = 1400;
				LastUpgradeCheck = 1400;
				TargetAttributes = {
					0459571229A6DED700A3A518 = {
						CreatedOnToolsVersion = 14.0.1;
					};
				};
			};
			buildConfigurationList = 0459570E29A6DED700A3A518 /* Build configuration list for PBXProject "Coordinator Pattern" */;
			compatibilityVersion = "Xcode 14.0";
			developmentRegion = en;
			hasScannedForEncodings = 0;
			knownRegions = (
				en,
				Base,
			);
			mainGroup = 0459570A29A6DED700A3A518;
			productRefGroup = 0459571429A6DED700A3A518 /* Products */;
			projectDirPath = "";
			projectRoot = "";
			targets = (
				0459571229A6DED700A3A518 /* Coordinator Pattern */,
			);
		};
/* End PBXProject section */

/* Begin PBXResourcesBuildPhase section */
		0459571129A6DED700A3A518 /* Resources */ = {
			isa = PBXResourcesBuildPhase;
			buildActionMask = 2147483647;
			files = (
				0459572329A6DEDA00A3A518 /* LaunchScreen.storyboard in Resources */,
				0459572029A6DEDA00A3A518 /* Assets.xcassets in Resources */,
				0459571E29A6DED700A3A518 /* Main.storyboard in Resources */,
			);
			runOnlyForDeploymentPostprocessing = 0;
		};
/* End PBXResourcesBuildPhase section */

/* Begin PBXSourcesBuildPhase section */
		0459570F29A6DED700A3A518 /* Sources */ = {
			isa = PBXSourcesBuildPhase;
			buildActionMask = 2147483647;
			files = (
				04555DF329A7B16800C84186 /* Coordinator.swift in Sources */,
				0459571B29A6DED700A3A518 /* HomeViewController.swift in Sources */,
				046329B029AAA83A004ACB5C /* CakeViewController.swift in Sources */,
				0459571729A6DED700A3A518 /* AppDelegate.swift in Sources */,
				04555DF629A7B3F300C84186 /* MainCoordinator.swift in Sources */,
				046329B329AAA852004ACB5C /* PaperViewController.swift in Sources */,
				0459571929A6DED700A3A518 /* SceneDelegate.swift in Sources */,
				046329B529AAABB5004ACB5C /* Storyboarded.swift in Sources */,
			);
			runOnlyForDeploymentPostprocessing = 0;
		};
/* End PBXSourcesBuildPhase section */

/* Begin PBXVariantGroup section */
		0459571C29A6DED700A3A518 /* Main.storyboard */ = {
			isa = PBXVariantGroup;
			children = (
				0459571D29A6DED700A3A518 /* Base */,
			);
			name = Main.storyboard;
			sourceTree = "<group>";
		};
		0459572129A6DEDA00A3A518 /* LaunchScreen.storyboard */ = {
			isa = PBXVariantGroup;
			children = (
				0459572229A6DEDA00A3A518 /* Base */,
			);
			name = LaunchScreen.storyboard;
			sourceTree = "<group>";
		};
/* End PBXVariantGroup section */

/* Begin XCBuildConfiguration section */
		0459572529A6DEDA00A3A518 /* Debug */ = {
			isa = XCBuildConfiguration;
			buildSettings = {
				ALWAYS_SEARCH_USER_PATHS = NO;
				CLANG_ANALYZER_NONNULL = YES;
				CLANG_ANALYZER_NUMBER_OBJECT_CONVERSION = YES_AGGRESSIVE;
				CLANG_CXX_LANGUAGE_STANDARD = "gnu++20";
				CLANG_ENABLE_MODULES = YES;
				CLANG_ENABLE_OBJC_ARC = YES;
				CLANG_ENABLE_OBJC_WEAK = YES;
				CLANG_WARN_BLOCK_CAPTURE_AUTORELEASING = YES;
				CLANG_WARN_BOOL_CONVERSION = YES;
				CLANG_WARN_COMMA = YES;
				CLANG_WARN_CONSTANT_CONVERSION = YES;
				CLANG_WARN_DEPRECATED_OBJC_IMPLEMENTATIONS = YES;
				CLANG_WARN_DIRECT_OBJC_ISA_USAGE = YES_ERROR;
				CLANG_WARN_DOCUMENTATION_COMMENTS = YES;
				CLANG_WARN_EMPTY_BODY = YES;
				CLANG_WARN_ENUM_CONVERSION = YES;
				CLANG_WARN_INFINITE_RECURSION = YES;
				CLANG_WARN_INT_CONVERSION = YES;
				CLANG_WARN_NON_LITERAL_NULL_CONVERSION = YES;
				CLANG_WARN_OBJC_IMPLICIT_RETAIN_SELF = YES;
				CLANG_WARN_OBJC_LITERAL_CONVERSION = YES;
				CLANG_WARN_OBJC_ROOT_CLASS = YES_ERROR;
				CLANG_WARN_QUOTED_INCLUDE_IN_FRAMEWORK_HEADER = YES;
				CLANG_WARN_RANGE_LOOP_ANALYSIS = YES;
				CLANG_WARN_STRICT_PROTOTYPES = YES;
				CLANG_WARN_SUSPICIOUS_MOVE = YES;
				CLANG_WARN_UNGUARDED_AVAILABILITY = YES_AGGRESSIVE;
				CLANG_WARN_UNREACHABLE_CODE = YES;
				CLANG_WARN__DUPLICATE_METHOD_MATCH = YES;
				COPY_PHASE_STRIP = NO;
				DEBUG_INFORMATION_FORMAT = dwarf;
				ENABLE_STRICT_OBJC_MSGSEND = YES;
				ENABLE_TESTABILITY = YES;
				GCC_C_LANGUAGE_STANDARD = gnu11;
				GCC_DYNAMIC_NO_PIC = NO;
				GCC_NO_COMMON_BLOCKS = YES;
				GCC_OPTIMIZATION_LEVEL = 0;
				GCC_PREPROCESSOR_DEFINITIONS = (
					"DEBUG=1",
					"$(inherited)",
				);
				GCC_WARN_64_TO_32_BIT_CONVERSION = YES;
				GCC_WARN_ABOUT_RETURN_TYPE = YES_ERROR;
				GCC_WARN_UNDECLARED_SELECTOR = YES;
				GCC_WARN_UNINITIALIZED_AUTOS = YES_AGGRESSIVE;
				GCC_WARN_UNUSED_FUNCTION = YES;
				GCC_WARN_UNUSED_VARIABLE = YES;
				IPHONEOS_DEPLOYMENT_TARGET = 16.0;
				MTL_ENABLE_DEBUG_INFO = INCLUDE_SOURCE;
				MTL_FAST_MATH = YES;
				ONLY_ACTIVE_ARCH = YES;
				SDKROOT = iphoneos;
				SWIFT_ACTIVE_COMPILATION_CONDITIONS = DEBUG;
				SWIFT_OPTIMIZATION_LEVEL = "-Onone";
			};
			name = Debug;
		};
		0459572629A6DEDA00A3A518 /* Release */ = {
			isa = XCBuildConfiguration;
			buildSettings = {
				ALWAYS_SEARCH_USER_PATHS = NO;
				CLANG_ANALYZER_NONNULL = YES;
				CLANG_ANALYZER_NUMBER_OBJECT_CONVERSION = YES_AGGRESSIVE;
				CLANG_CXX_LANGUAGE_STANDARD = "gnu++20";
				CLANG_ENABLE_MODULES = YES;
				CLANG_ENABLE_OBJC_ARC = YES;
				CLANG_ENABLE_OBJC_WEAK = YES;
				CLANG_WARN_BLOCK_CAPTURE_AUTORELEASING = YES;
				CLANG_WARN_BOOL_CONVERSION = YES;
				CLANG_WARN_COMMA = YES;
				CLANG_WARN_CONSTANT_CONVERSION = YES;
				CLANG_WARN_DEPRECATED_OBJC_IMPLEMENTATIONS = YES;
				CLANG_WARN_DIRECT_OBJC_ISA_USAGE = YES_ERROR;
				CLANG_WARN_DOCUMENTATION_COMMENTS = YES;
				CLANG_WARN_EMPTY_BODY = YES;
				CLANG_WARN_ENUM_CONVERSION = YES;
				CLANG_WARN_INFINITE_RECURSION = YES;
				CLANG_WARN_INT_CONVERSION = YES;
				CLANG_WARN_NON_LITERAL_NULL_CONVERSION = YES;
				CLANG_WARN_OBJC_IMPLICIT_RETAIN_SELF = YES;
				CLANG_WARN_OBJC_LITERAL_CONVERSION = YES;
				CLANG_WARN_OBJC_ROOT_CLASS = YES_ERROR;
				CLANG_WARN_QUOTED_INCLUDE_IN_FRAMEWORK_HEADER = YES;
				CLANG_WARN_RANGE_LOOP_ANALYSIS = YES;
				CLANG_WARN_STRICT_PROTOTYPES = YES;
				CLANG_WARN_SUSPICIOUS_MOVE = YES;
				CLANG_WARN_UNGUARDED_AVAILABILITY = YES_AGGRESSIVE;
				CLANG_WARN_UNREACHABLE_CODE = YES;
				CLANG_WARN__DUPLICATE_METHOD_MATCH = YES;
				COPY_PHASE_STRIP = NO;
				DEBUG_INFORMATION_FORMAT = "dwarf-with-dsym";
				ENABLE_NS_ASSERTIONS = NO;
				ENABLE_STRICT_OBJC_MSGSEND = YES;
				GCC_C_LANGUAGE_STANDARD = gnu11;
				GCC_NO_COMMON_BLOCKS = YES;
				GCC_WARN_64_TO_32_BIT_CONVERSION = YES;
				GCC_WARN_ABOUT_RETURN_TYPE = YES_ERROR;
				GCC_WARN_UNDECLARED_SELECTOR = YES;
				GCC_WARN_UNINITIALIZED_AUTOS = YES_AGGRESSIVE;
				GCC_WARN_UNUSED_FUNCTION = YES;
				GCC_WARN_UNUSED_VARIABLE = YES;
				IPHONEOS_DEPLOYMENT_TARGET = 16.0;
				MTL_ENABLE_DEBUG_INFO = NO;
				MTL_FAST_MATH = YES;
				SDKROOT = iphoneos;
				SWIFT_COMPILATION_MODE = wholemodule;
				SWIFT_OPTIMIZATION_LEVEL = "-O";
				VALIDATE_PRODUCT = YES;
			};
			name = Release;
		};
		0459572829A6DEDA00A3A518 /* Debug */ = {
			isa = XCBuildConfiguration;
			buildSettings = {
				ASSETCATALOG_COMPILER_APPICON_NAME = AppIcon;
				ASSETCATALOG_COMPILER_GLOBAL_ACCENT_COLOR_NAME = AccentColor;
				CODE_SIGN_STYLE = Automatic;
				CURRENT_PROJECT_VERSION = 1;
				DEVELOPMENT_TEAM = 9BB2SW97R4;
				GENERATE_INFOPLIST_FILE = YES;
				INFOPLIST_FILE = "Coordinator Pattern/Info.plist";
				INFOPLIST_KEY_UIApplicationSupportsIndirectInputEvents = YES;
				INFOPLIST_KEY_UILaunchStoryboardName = LaunchScreen;
				INFOPLIST_KEY_UIMainStoryboardFile = Main;
				INFOPLIST_KEY_UISupportedInterfaceOrientations_iPad = "UIInterfaceOrientationPortrait UIInterfaceOrientationPortraitUpsideDown UIInterfaceOrientationLandscapeLeft UIInterfaceOrientationLandscapeRight";
				INFOPLIST_KEY_UISupportedInterfaceOrientations_iPhone = "UIInterfaceOrientationPortrait UIInterfaceOrientationLandscapeLeft UIInterfaceOrientationLandscapeRight";
				LD_RUNPATH_SEARCH_PATHS = (
					"$(inherited)",
					"@executable_path/Frameworks",
				);
				MARKETING_VERSION = 1.0;
				PRODUCT_BUNDLE_IDENTIFIER = "lupe.Coordinator-Pattern";
				PRODUCT_NAME = "$(TARGET_NAME)";
				SWIFT_EMIT_LOC_STRINGS = YES;
				SWIFT_VERSION = 5.0;
				TARGETED_DEVICE_FAMILY = "1,2";
			};
			name = Debug;
		};
		0459572929A6DEDA00A3A518 /* Release */ = {
			isa = XCBuildConfiguration;
			buildSettings = {
				ASSETCATALOG_COMPILER_APPICON_NAME = AppIcon;
				ASSETCATALOG_COMPILER_GLOBAL_ACCENT_COLOR_NAME = AccentColor;
				CODE_SIGN_STYLE = Automatic;
				CURRENT_PROJECT_VERSION = 1;
				DEVELOPMENT_TEAM = 9BB2SW97R4;
				GENERATE_INFOPLIST_FILE = YES;
				INFOPLIST_FILE = "Coordinator Pattern/Info.plist";
				INFOPLIST_KEY_UIApplicationSupportsIndirectInputEvents = YES;
				INFOPLIST_KEY_UILaunchStoryboardName = LaunchScreen;
				INFOPLIST_KEY_UIMainStoryboardFile = Main;
				INFOPLIST_KEY_UISupportedInterfaceOrientations_iPad = "UIInterfaceOrientationPortrait UIInterfaceOrientationPortraitUpsideDown UIInterfaceOrientationLandscapeLeft UIInterfaceOrientationLandscapeRight";
				INFOPLIST_KEY_UISupportedInterfaceOrientations_iPhone = "UIInterfaceOrientationPortrait UIInterfaceOrientationLandscapeLeft UIInterfaceOrientationLandscapeRight";
				LD_RUNPATH_SEARCH_PATHS = (
					"$(inherited)",
					"@executable_path/Frameworks",
				);
				MARKETING_VERSION = 1.0;
				PRODUCT_BUNDLE_IDENTIFIER = "lupe.Coordinator-Pattern";
				PRODUCT_NAME = "$(TARGET_NAME)";
				SWIFT_EMIT_LOC_STRINGS = YES;
				SWIFT_VERSION = 5.0;
				TARGETED_DEVICE_FAMILY = "1,2";
			};
			name = Release;
		};
/* End XCBuildConfiguration section */

/* Begin XCConfigurationList section */
		0459570E29A6DED700A3A518 /* Build configuration list for PBXProject "Coordinator Pattern" */ = {
			isa = XCConfigurationList;
			buildConfigurations = (
				0459572529A6DEDA00A3A518 /* Debug */,
				0459572629A6DEDA00A3A518 /* Release */,
			);
			defaultConfigurationIsVisible = 0;
			defaultConfigurationName = Release;
		};
		0459572729A6DEDA00A3A518 /* Build configuration list for PBXNativeTarget "Coordinator Pattern" */ = {
			isa = XCConfigurationList;
			buildConfigurations = (
				0459572829A6DEDA00A3A518 /* Debug */,
				0459572929A6DEDA00A3A518 /* Release */,
			);
			defaultConfigurationIsVisible = 0;
			defaultConfigurationName = Release;
		};
/* End XCConfigurationList section */
	};
	rootObject = 0459570B29A6DED700A3A518 /* Project object */;
}
